
Microsoft Visual Studio Solution File, Format Version 12.00
# Visual Studio Version 17
VisualStudioVersion = 17.8.34511.84
MinimumVisualStudioVersion = 10.0.40219.1
Project("{FAE04EC0-301F-11D3-BF4B-00C04F79EFBC}") = "Prog_3_W24_L3_012924", "Prog_3_W24_L3_012924.csproj", "{C2EED731-4AFF-4BF5-BABE-662B345AD1A8}"
EndProject
Global
	GlobalSection(SolutionConfigurationPlatforms) = preSolution
		Debug|Any CPU = Debug|Any CPU
		Release|Any CPU = Release|Any CPU
	EndGlobalSection
	GlobalSection(ProjectConfigurationPlatforms) = postSolution
		{C2EED731-4AFF-4BF5-BABE-662B345AD1A8}.Debug|Any CPU.ActiveCfg = Debug|Any CPU
		{C2EED731-4AFF-4BF5-BABE-662B345AD1A8}.Debug|Any CPU.Build.0 = Debug|Any CPU
		{C2EED731-4AFF-4BF5-BABE-662B345AD1A8}.Release|Any CPU.ActiveCfg = Release|Any CPU
		{C2EED731-4AFF-4BF5-BABE-662B345AD1A8}.Release|Any CPU.Build.0 = Release|Any CPU
	EndGlobalSection
	GlobalSection(SolutionProperties) = preSolution
		HideSolutionNode = FALSE
	EndGlobalSection
	GlobalSection(ExtensibilityGlobals) = postSolution
		SolutionGuid = {E68F4C19-D1FA-4A76-849D-A70855C905D7}
	EndGlobalSection
EndGlobal
